
Microsoft Visual Studio Solution File, Format Version 12.00
# Visual Studio 2012
Project("{FAE04EC0-301F-11D3-BF4B-00C04F79EFBC}") = "EtlSpecification", "..\EtlSpecification\EtlSpecification\EtlSpecification.csproj", "{09E59672-F5FA-4D65-85B9-11EC18D3A3C1}"
EndProject
Project("{FAE04EC0-301F-11D3-BF4B-00C04F79EFBC}") = "EtlSpecificationTests", "..\EtlSpecification\EtfSpecificationTests\EtlSpecificationTests.csproj", "{5D887C87-56AA-4FBE-B2E9-C601F985886B}"
EndProject
Global
	GlobalSection(TeamFoundationVersionControl) = preSolution
		SccNumberOfProjects = 2
		SccEnterpriseProvider = {4CA58AB2-18FA-4F8D-95D4-32DDF27D184C}
		SccTeamFoundationServer = http://steve-pc:8080/tfs/defaultcollection
		SccProjectUniqueName0 = ..\\EtlSpecification\\EtlSpecification\\EtlSpecification.csproj
		SccProjectName0 = ../EtlSpecification/EtlSpecification
		SccAuxPath0 = http://steve-pc:8080/tfs/defaultcollection
		SccLocalPath0 = ..\\EtlSpecification\\EtlSpecification
		SccProvider0 = {4CA58AB2-18FA-4F8D-95D4-32DDF27D184C}
		SccProjectUniqueName1 = ..\\EtlSpecification\\EtfSpecificationTests\\EtlSpecificationTests.csproj
		SccProjectName1 = ../EtlSpecification/EtfSpecificationTests
		SccAuxPath1 = http://steve-pc:8080/tfs/defaultcollection
		SccLocalPath1 = ..\\EtlSpecification\\EtfSpecificationTests
		SccProvider1 = {4CA58AB2-18FA-4F8D-95D4-32DDF27D184C}
	EndGlobalSection
	GlobalSection(SolutionConfigurationPlatforms) = preSolution
		Debug|Any CPU = Debug|Any CPU
		Release|Any CPU = Release|Any CPU
	EndGlobalSection
	GlobalSection(ProjectConfigurationPlatforms) = postSolution
		{09E59672-F5FA-4D65-85B9-11EC18D3A3C1}.Debug|Any CPU.ActiveCfg = Debug|Any CPU
		{09E59672-F5FA-4D65-85B9-11EC18D3A3C1}.Debug|Any CPU.Build.0 = Debug|Any CPU
		{09E59672-F5FA-4D65-85B9-11EC18D3A3C1}.Release|Any CPU.ActiveCfg = Release|Any CPU
		{09E59672-F5FA-4D65-85B9-11EC18D3A3C1}.Release|Any CPU.Build.0 = Release|Any CPU
		{5D887C87-56AA-4FBE-B2E9-C601F985886B}.Debug|Any CPU.ActiveCfg = Debug|Any CPU
		{5D887C87-56AA-4FBE-B2E9-C601F985886B}.Debug|Any CPU.Build.0 = Debug|Any CPU
		{5D887C87-56AA-4FBE-B2E9-C601F985886B}.Release|Any CPU.ActiveCfg = Release|Any CPU
		{5D887C87-56AA-4FBE-B2E9-C601F985886B}.Release|Any CPU.Build.0 = Release|Any CPU
	EndGlobalSection
	GlobalSection(SolutionProperties) = preSolution
		HideSolutionNode = FALSE
	EndGlobalSection
EndGlobal
