
Microsoft Visual Studio Solution File, Format Version 12.00
# Visual Studio 14
VisualStudioVersion = 14.0.24720.0
MinimumVisualStudioVersion = 10.0.40219.1
Project("{FAE04EC0-301F-11D3-BF4B-00C04F79EFBC}") = "EtlForex", "..\ETL\EtlForex\EtlForex\EtlForex.csproj", "{856975A7-6C44-493C-9A86-B40AA3F64FFE}"
EndProject
Project("{FAE04EC0-301F-11D3-BF4B-00C04F79EFBC}") = "EtlForexTests", "..\ETL\EtlForex\EtlForexTests\EtlForexTests.csproj", "{D13B4610-09D3-43FC-9419-0781D1C4E05D}"
EndProject
Project("{FAE04EC0-301F-11D3-BF4B-00C04F79EFBC}") = "EtlSpecification", "..\ETL\EtlSpecification\EtlSpecification\EtlSpecification.csproj", "{09E59672-F5FA-4D65-85B9-11EC18D3A3C1}"
EndProject
Project("{FAE04EC0-301F-11D3-BF4B-00C04F79EFBC}") = "EtlSpecificationTests", "..\ETL\EtlSpecification\EtfSpecificationTests\EtlSpecificationTests.csproj", "{5D887C87-56AA-4FBE-B2E9-C601F985886B}"
EndProject
Global
	GlobalSection(SolutionConfigurationPlatforms) = preSolution
		Debug|Any CPU = Debug|Any CPU
		Release|Any CPU = Release|Any CPU
	EndGlobalSection
	GlobalSection(ProjectConfigurationPlatforms) = postSolution
		{856975A7-6C44-493C-9A86-B40AA3F64FFE}.Debug|Any CPU.ActiveCfg = Debug|Any CPU
		{856975A7-6C44-493C-9A86-B40AA3F64FFE}.Debug|Any CPU.Build.0 = Debug|Any CPU
		{856975A7-6C44-493C-9A86-B40AA3F64FFE}.Release|Any CPU.ActiveCfg = Release|Any CPU
		{856975A7-6C44-493C-9A86-B40AA3F64FFE}.Release|Any CPU.Build.0 = Release|Any CPU
		{D13B4610-09D3-43FC-9419-0781D1C4E05D}.Debug|Any CPU.ActiveCfg = Debug|Any CPU
		{D13B4610-09D3-43FC-9419-0781D1C4E05D}.Debug|Any CPU.Build.0 = Debug|Any CPU
		{D13B4610-09D3-43FC-9419-0781D1C4E05D}.Release|Any CPU.ActiveCfg = Release|Any CPU
		{D13B4610-09D3-43FC-9419-0781D1C4E05D}.Release|Any CPU.Build.0 = Release|Any CPU
		{09E59672-F5FA-4D65-85B9-11EC18D3A3C1}.Debug|Any CPU.ActiveCfg = Debug|Any CPU
		{09E59672-F5FA-4D65-85B9-11EC18D3A3C1}.Debug|Any CPU.Build.0 = Debug|Any CPU
		{09E59672-F5FA-4D65-85B9-11EC18D3A3C1}.Release|Any CPU.ActiveCfg = Release|Any CPU
		{09E59672-F5FA-4D65-85B9-11EC18D3A3C1}.Release|Any CPU.Build.0 = Release|Any CPU
		{5D887C87-56AA-4FBE-B2E9-C601F985886B}.Debug|Any CPU.ActiveCfg = Debug|Any CPU
		{5D887C87-56AA-4FBE-B2E9-C601F985886B}.Debug|Any CPU.Build.0 = Debug|Any CPU
		{5D887C87-56AA-4FBE-B2E9-C601F985886B}.Release|Any CPU.ActiveCfg = Release|Any CPU
		{5D887C87-56AA-4FBE-B2E9-C601F985886B}.Release|Any CPU.Build.0 = Release|Any CPU
	EndGlobalSection
	GlobalSection(SolutionProperties) = preSolution
		HideSolutionNode = FALSE
	EndGlobalSection
EndGlobal
